// !$*UTF8*$!
{
	archiveVersion = 1;
	classes = {
	};
	objectVersion = 55;
	objects = {

/* Begin PBXBuildFile section */
		8BF5B38527C32510003FBEFF /* AppDelegate.swift in Sources */ = {isa = PBXBuildFile; fileRef = 8BF5B38427C32510003FBEFF /* AppDelegate.swift */; };
		8BF5B38727C32510003FBEFF /* SceneDelegate.swift in Sources */ = {isa = PBXBuildFile; fileRef = 8BF5B38627C32510003FBEFF /* SceneDelegate.swift */; };
		8BF5B38927C32510003FBEFF /* ViewController.swift in Sources */ = {isa = PBXBuildFile; fileRef = 8BF5B38827C32510003FBEFF /* ViewController.swift */; };
		8BF5B38C27C32510003FBEFF /* Main.storyboard in Resources */ = {isa = PBXBuildFile; fileRef = 8BF5B38A27C32510003FBEFF /* Main.storyboard */; };
		8BF5B38E27C32512003FBEFF /* Assets.xcassets in Resources */ = {isa = PBXBuildFile; fileRef = 8BF5B38D27C32512003FBEFF /* Assets.xcassets */; };
		8BF5B39127C32512003FBEFF /* LaunchScreen.storyboard in Resources */ = {isa = PBXBuildFile; fileRef = 8BF5B38F27C32512003FBEFF /* LaunchScreen.storyboard */; };
		8BF5B39C27C32512003FBEFF /* PM2_Practica2_v2Tests.swift in Sources */ = {isa = PBXBuildFile; fileRef = 8BF5B39B27C32512003FBEFF /* PM2_Practica2_v2Tests.swift */; };
		8BF5B3A627C32512003FBEFF /* PM2_Practica2_v2UITests.swift in Sources */ = {isa = PBXBuildFile; fileRef = 8BF5B3A527C32512003FBEFF /* PM2_Practica2_v2UITests.swift */; };
		8BF5B3A827C32512003FBEFF /* PM2_Practica2_v2UITestsLaunchTests.swift in Sources */ = {isa = PBXBuildFile; fileRef = 8BF5B3A727C32512003FBEFF /* PM2_Practica2_v2UITestsLaunchTests.swift */; };
		8BF5B3B527C334EB003FBEFF /* ViewController_dos.swift in Sources */ = {isa = PBXBuildFile; fileRef = 8BF5B3B427C334EB003FBEFF /* ViewController_dos.swift */; };
/* End PBXBuildFile section */

/* Begin PBXContainerItemProxy section */
		8BF5B39827C32512003FBEFF /* PBXContainerItemProxy */ = {
			isa = PBXContainerItemProxy;
			containerPortal = 8BF5B37927C32510003FBEFF /* Project object */;
			proxyType = 1;
			remoteGlobalIDString = 8BF5B38027C32510003FBEFF;
			remoteInfo = PM2_Practica2_v2;
		};
		8BF5B3A227C32512003FBEFF /* PBXContainerItemProxy */ = {
			isa = PBXContainerItemProxy;
			containerPortal = 8BF5B37927C32510003FBEFF /* Project object */;
			proxyType = 1;
			remoteGlobalIDString = 8BF5B38027C32510003FBEFF;
			remoteInfo = PM2_Practica2_v2;
		};
/* End PBXContainerItemProxy section */

/* Begin PBXFileReference section */
		8BF5B38127C32510003FBEFF /* PM2_Practica2_v2.app */ = {isa = PBXFileReference; explicitFileType = wrapper.application; includeInIndex = 0; path = PM2_Practica2_v2.app; sourceTree = BUILT_PRODUCTS_DIR; };
		8BF5B38427C32510003FBEFF /* AppDelegate.swift */ = {isa = PBXFileReference; lastKnownFileType = sourcecode.swift; path = AppDelegate.swift; sourceTree = "<group>"; };
		8BF5B38627C32510003FBEFF /* SceneDelegate.swift */ = {isa = PBXFileReference; lastKnownFileType = sourcecode.swift; path = SceneDelegate.swift; sourceTree = "<group>"; };
		8BF5B38827C32510003FBEFF /* ViewController.swift */ = {isa = PBXFileReference; lastKnownFileType = sourcecode.swift; path = ViewController.swift; sourceTree = "<group>"; };
		8BF5B38B27C32510003FBEFF /* Base */ = {isa = PBXFileReference; lastKnownFileType = file.storyboard; name = Base; path = Base.lproj/Main.storyboard; sourceTree = "<group>"; };
		8BF5B38D27C32512003FBEFF /* Assets.xcassets */ = {isa = PBXFileReference; lastKnownFileType = folder.assetcatalog; path = Assets.xcassets; sourceTree = "<group>"; };
		8BF5B39027C32512003FBEFF /* Base */ = {isa = PBXFileReference; lastKnownFileType = file.storyboard; name = Base; path = Base.lproj/LaunchScreen.storyboard; sourceTree = "<group>"; };
		8BF5B39227C32512003FBEFF /* Info.plist */ = {isa = PBXFileReference; lastKnownFileType = text.plist.xml; path = Info.plist; sourceTree = "<group>"; };
		8BF5B39727C32512003FBEFF /* PM2_Practica2_v2Tests.xctest */ = {isa = PBXFileReference; explicitFileType = wrapper.cfbundle; includeInIndex = 0; path = PM2_Practica2_v2Tests.xctest; sourceTree = BUILT_PRODUCTS_DIR; };
		8BF5B39B27C32512003FBEFF /* PM2_Practica2_v2Tests.swift */ = {isa = PBXFileReference; lastKnownFileType = sourcecode.swift; path = PM2_Practica2_v2Tests.swift; sourceTree = "<group>"; };
		8BF5B3A127C32512003FBEFF /* PM2_Practica2_v2UITests.xctest */ = {isa = PBXFileReference; explicitFileType = wrapper.cfbundle; includeInIndex = 0; path = PM2_Practica2_v2UITests.xctest; sourceTree = BUILT_PRODUCTS_DIR; };
		8BF5B3A527C32512003FBEFF /* PM2_Practica2_v2UITests.swift */ = {isa = PBXFileReference; lastKnownFileType = sourcecode.swift; path = PM2_Practica2_v2UITests.swift; sourceTree = "<group>"; };
		8BF5B3A727C32512003FBEFF /* PM2_Practica2_v2UITestsLaunchTests.swift */ = {isa = PBXFileReference; lastKnownFileType = sourcecode.swift; path = PM2_Practica2_v2UITestsLaunchTests.swift; sourceTree = "<group>"; };
		8BF5B3B427C334EB003FBEFF /* ViewController_dos.swift */ = {isa = PBXFileReference; lastKnownFileType = sourcecode.swift; path = ViewController_dos.swift; sourceTree = "<group>"; };
/* End PBXFileReference section */

/* Begin PBXFrameworksBuildPhase section */
		8BF5B37E27C32510003FBEFF /* Frameworks */ = {
			isa = PBXFrameworksBuildPhase;
			buildActionMask = 2147483647;
			files = (
			);
			runOnlyForDeploymentPostprocessing = 0;
		};
		8BF5B39427C32512003FBEFF /* Frameworks */ = {
			isa = PBXFrameworksBuildPhase;
			buildActionMask = 2147483647;
			files = (
			);
			runOnlyForDeploymentPostprocessing = 0;
		};
		8BF5B39E27C32512003FBEFF /* Frameworks */ = {
			isa = PBXFrameworksBuildPhase;
			buildActionMask = 2147483647;
			files = (
			);
			runOnlyForDeploymentPostprocessing = 0;
		};
/* End PBXFrameworksBuildPhase section */

/* Begin PBXGroup section */
		8BF5B37827C32510003FBEFF = {
			isa = PBXGroup;
			children = (
				8BF5B38327C32510003FBEFF /* PM2_Practica2_v2 */,
				8BF5B39A27C32512003FBEFF /* PM2_Practica2_v2Tests */,
				8BF5B3A427C32512003FBEFF /* PM2_Practica2_v2UITests */,
				8BF5B38227C32510003FBEFF /* Products */,
			);
			sourceTree = "<group>";
		};
		8BF5B38227C32510003FBEFF /* Products */ = {
			isa = PBXGroup;
			children = (
				8BF5B38127C32510003FBEFF /* PM2_Practica2_v2.app */,
				8BF5B39727C32512003FBEFF /* PM2_Practica2_v2Tests.xctest */,
				8BF5B3A127C32512003FBEFF /* PM2_Practica2_v2UITests.xctest */,
			);
			name = Products;
			sourceTree = "<group>";
		};
		8BF5B38327C32510003FBEFF /* PM2_Practica2_v2 */ = {
			isa = PBXGroup;
			children = (
				8BF5B38427C32510003FBEFF /* AppDelegate.swift */,
				8BF5B38627C32510003FBEFF /* SceneDelegate.swift */,
				8BF5B38827C32510003FBEFF /* ViewController.swift */,
				8BF5B38A27C32510003FBEFF /* Main.storyboard */,
				8BF5B38D27C32512003FBEFF /* Assets.xcassets */,
				8BF5B38F27C32512003FBEFF /* LaunchScreen.storyboard */,
				8BF5B39227C32512003FBEFF /* Info.plist */,
				8BF5B3B427C334EB003FBEFF /* ViewController_dos.swift */,
			);
			path = PM2_Practica2_v2;
			sourceTree = "<group>";
		};
		8BF5B39A27C32512003FBEFF /* PM2_Practica2_v2Tests */ = {
			isa = PBXGroup;
			children = (
				8BF5B39B27C32512003FBEFF /* PM2_Practica2_v2Tests.swift */,
			);
			path = PM2_Practica2_v2Tests;
			sourceTree = "<group>";
		};
		8BF5B3A427C32512003FBEFF /* PM2_Practica2_v2UITests */ = {
			isa = PBXGroup;
			children = (
				8BF5B3A527C32512003FBEFF /* PM2_Practica2_v2UITests.swift */,
				8BF5B3A727C32512003FBEFF /* PM2_Practica2_v2UITestsLaunchTests.swift */,
			);
			path = PM2_Practica2_v2UITests;
			sourceTree = "<group>";
		};
/* End PBXGroup section */

/* Begin PBXNativeTarget section */
		8BF5B38027C32510003FBEFF /* PM2_Practica2_v2 */ = {
			isa = PBXNativeTarget;
			buildConfigurationList = 8BF5B3AB27C32512003FBEFF /* Build configuration list for PBXNativeTarget "PM2_Practica2_v2" */;
			buildPhases = (
				8BF5B37D27C32510003FBEFF /* Sources */,
				8BF5B37E27C32510003FBEFF /* Frameworks */,
				8BF5B37F27C32510003FBEFF /* Resources */,
			);
			buildRules = (
			);
			dependencies = (
			);
			name = PM2_Practica2_v2;
			productName = PM2_Practica2_v2;
			productReference = 8BF5B38127C32510003FBEFF /* PM2_Practica2_v2.app */;
			productType = "com.apple.product-type.application";
		};
		8BF5B39627C32512003FBEFF /* PM2_Practica2_v2Tests */ = {
			isa = PBXNativeTarget;
			buildConfigurationList = 8BF5B3AE27C32512003FBEFF /* Build configuration list for PBXNativeTarget "PM2_Practica2_v2Tests" */;
			buildPhases = (
				8BF5B39327C32512003FBEFF /* Sources */,
				8BF5B39427C32512003FBEFF /* Frameworks */,
				8BF5B39527C32512003FBEFF /* Resources */,
			);
			buildRules = (
			);
			dependencies = (
				8BF5B39927C32512003FBEFF /* PBXTargetDependency */,
			);
			name = PM2_Practica2_v2Tests;
			productName = PM2_Practica2_v2Tests;
			productReference = 8BF5B39727C32512003FBEFF /* PM2_Practica2_v2Tests.xctest */;
			productType = "com.apple.product-type.bundle.unit-test";
		};
		8BF5B3A027C32512003FBEFF /* PM2_Practica2_v2UITests */ = {
			isa = PBXNativeTarget;
			buildConfigurationList = 8BF5B3B127C32512003FBEFF /* Build configuration list for PBXNativeTarget "PM2_Practica2_v2UITests" */;
			buildPhases = (
				8BF5B39D27C32512003FBEFF /* Sources */,
				8BF5B39E27C32512003FBEFF /* Frameworks */,
				8BF5B39F27C32512003FBEFF /* Resources */,
			);
			buildRules = (
			);
			dependencies = (
				8BF5B3A327C32512003FBEFF /* PBXTargetDependency */,
			);
			name = PM2_Practica2_v2UITests;
			productName = PM2_Practica2_v2UITests;
			productReference = 8BF5B3A127C32512003FBEFF /* PM2_Practica2_v2UITests.xctest */;
			productType = "com.apple.product-type.bundle.ui-testing";
		};
/* End PBXNativeTarget section */

/* Begin PBXProject section */
		8BF5B37927C32510003FBEFF /* Project object */ = {
			isa = PBXProject;
			attributes = {
				BuildIndependentTargetsInParallel = 1;
				LastSwiftUpdateCheck = 1320;
				LastUpgradeCheck = 1320;
				TargetAttributes = {
					8BF5B38027C32510003FBEFF = {
						CreatedOnToolsVersion = 13.2.1;
					};
					8BF5B39627C32512003FBEFF = {
						CreatedOnToolsVersion = 13.2.1;
						TestTargetID = 8BF5B38027C32510003FBEFF;
					};
					8BF5B3A027C32512003FBEFF = {
						CreatedOnToolsVersion = 13.2.1;
						TestTargetID = 8BF5B38027C32510003FBEFF;
					};
				};
			};
			buildConfigurationList = 8BF5B37C27C32510003FBEFF /* Build configuration list for PBXProject "PM2_Practica2_v2" */;
			compatibilityVersion = "Xcode 13.0";
			developmentRegion = en;
			hasScannedForEncodings = 0;
			knownRegions = (
				en,
				Base,
			);
			mainGroup = 8BF5B37827C32510003FBEFF;
			productRefGroup = 8BF5B38227C32510003FBEFF /* Products */;
			projectDirPath = "";
			projectRoot = "";
			targets = (
				8BF5B38027C32510003FBEFF /* PM2_Practica2_v2 */,
				8BF5B39627C32512003FBEFF /* PM2_Practica2_v2Tests */,
				8BF5B3A027C32512003FBEFF /* PM2_Practica2_v2UITests */,
			);
		};
/* End PBXProject section */

/* Begin PBXResourcesBuildPhase section */
		8BF5B37F27C32510003FBEFF /* Resources */ = {
			isa = PBXResourcesBuildPhase;
			buildActionMask = 2147483647;
			files = (
				8BF5B39127C32512003FBEFF /* LaunchScreen.storyboard in Resources */,
				8BF5B38E27C32512003FBEFF /* Assets.xcassets in Resources */,
				8BF5B38C27C32510003FBEFF /* Main.storyboard in Resources */,
			);
			runOnlyForDeploymentPostprocessing = 0;
		};
		8BF5B39527C32512003FBEFF /* Resources */ = {
			isa = PBXResourcesBuildPhase;
			buildActionMask = 2147483647;
			files = (
			);
			runOnlyForDeploymentPostprocessing = 0;
		};
		8BF5B39F27C32512003FBEFF /* Resources */ = {
			isa = PBXResourcesBuildPhase;
			buildActionMask = 2147483647;
			files = (
			);
			runOnlyForDeploymentPostprocessing = 0;
		};
/* End PBXResourcesBuildPhase section */

/* Begin PBXSourcesBuildPhase section */
		8BF5B37D27C32510003FBEFF /* Sources */ = {
			isa = PBXSourcesBuildPhase;
			buildActionMask = 2147483647;
			files = (
				8BF5B38927C32510003FBEFF /* ViewController.swift in Sources */,
				8BF5B38527C32510003FBEFF /* AppDelegate.swift in Sources */,
				8BF5B38727C32510003FBEFF /* SceneDelegate.swift in Sources */,
				8BF5B3B527C334EB003FBEFF /* ViewController_dos.swift in Sources */,
			);
			runOnlyForDeploymentPostprocessing = 0;
		};
		8BF5B39327C32512003FBEFF /* Sources */ = {
			isa = PBXSourcesBuildPhase;
			buildActionMask = 2147483647;
			files = (
				8BF5B39C27C32512003FBEFF /* PM2_Practica2_v2Tests.swift in Sources */,
			);
			runOnlyForDeploymentPostprocessing = 0;
		};
		8BF5B39D27C32512003FBEFF /* Sources */ = {
			isa = PBXSourcesBuildPhase;
			buildActionMask = 2147483647;
			files = (
				8BF5B3A827C32512003FBEFF /* PM2_Practica2_v2UITestsLaunchTests.swift in Sources */,
				8BF5B3A627C32512003FBEFF /* PM2_Practica2_v2UITests.swift in Sources */,
			);
			runOnlyForDeploymentPostprocessing = 0;
		};
/* End PBXSourcesBuildPhase section */

/* Begin PBXTargetDependency section */
		8BF5B39927C32512003FBEFF /* PBXTargetDependency */ = {
			isa = PBXTargetDependency;
			target = 8BF5B38027C32510003FBEFF /* PM2_Practica2_v2 */;
			targetProxy = 8BF5B39827C32512003FBEFF /* PBXContainerItemProxy */;
		};
		8BF5B3A327C32512003FBEFF /* PBXTargetDependency */ = {
			isa = PBXTargetDependency;
			target = 8BF5B38027C32510003FBEFF /* PM2_Practica2_v2 */;
			targetProxy = 8BF5B3A227C32512003FBEFF /* PBXContainerItemProxy */;
		};
/* End PBXTargetDependency section */

/* Begin PBXVariantGroup section */
		8BF5B38A27C32510003FBEFF /* Main.storyboard */ = {
			isa = PBXVariantGroup;
			children = (
				8BF5B38B27C32510003FBEFF /* Base */,
			);
			name = Main.storyboard;
			sourceTree = "<group>";
		};
		8BF5B38F27C32512003FBEFF /* LaunchScreen.storyboard */ = {
			isa = PBXVariantGroup;
			children = (
				8BF5B39027C32512003FBEFF /* Base */,
			);
			name = LaunchScreen.storyboard;
			sourceTree = "<group>";
		};
/* End PBXVariantGroup section */

/* Begin XCBuildConfiguration section */
		8BF5B3A927C32512003FBEFF /* Debug */ = {
			isa = XCBuildConfiguration;
			buildSettings = {
				ALWAYS_SEARCH_USER_PATHS = NO;
				CLANG_ANALYZER_NONNULL = YES;
				CLANG_ANALYZER_NUMBER_OBJECT_CONVERSION = YES_AGGRESSIVE;
				CLANG_CXX_LANGUAGE_STANDARD = "gnu++17";
				CLANG_CXX_LIBRARY = "libc++";
				CLANG_ENABLE_MODULES = YES;
				CLANG_ENABLE_OBJC_ARC = YES;
				CLANG_ENABLE_OBJC_WEAK = YES;
				CLANG_WARN_BLOCK_CAPTURE_AUTORELEASING = YES;
				CLANG_WARN_BOOL_CONVERSION = YES;
				CLANG_WARN_COMMA = YES;
				CLANG_WARN_CONSTANT_CONVERSION = YES;
				CLANG_WARN_DEPRECATED_OBJC_IMPLEMENTATIONS = YES;
				CLANG_WARN_DIRECT_OBJC_ISA_USAGE = YES_ERROR;
				CLANG_WARN_DOCUMENTATION_COMMENTS = YES;
				CLANG_WARN_EMPTY_BODY = YES;
				CLANG_WARN_ENUM_CONVERSION = YES;
				CLANG_WARN_INFINITE_RECURSION = YES;
				CLANG_WARN_INT_CONVERSION = YES;
				CLANG_WARN_NON_LITERAL_NULL_CONVERSION = YES;
				CLANG_WARN_OBJC_IMPLICIT_RETAIN_SELF = YES;
				CLANG_WARN_OBJC_LITERAL_CONVERSION = YES;
				CLANG_WARN_OBJC_ROOT_CLASS = YES_ERROR;
				CLANG_WARN_QUOTED_INCLUDE_IN_FRAMEWORK_HEADER = YES;
				CLANG_WARN_RANGE_LOOP_ANALYSIS = YES;
				CLANG_WARN_STRICT_PROTOTYPES = YES;
				CLANG_WARN_SUSPICIOUS_MOVE = YES;
				CLANG_WARN_UNGUARDED_AVAILABILITY = YES_AGGRESSIVE;
				CLANG_WARN_UNREACHABLE_CODE = YES;
				CLANG_WARN__DUPLICATE_METHOD_MATCH = YES;
				COPY_PHASE_STRIP = NO;
				DEBUG_INFORMATION_FORMAT = dwarf;
				ENABLE_STRICT_OBJC_MSGSEND = YES;
				ENABLE_TESTABILITY = YES;
				GCC_C_LANGUAGE_STANDARD = gnu11;
				GCC_DYNAMIC_NO_PIC = NO;
				GCC_NO_COMMON_BLOCKS = YES;
				GCC_OPTIMIZATION_LEVEL = 0;
				GCC_PREPROCESSOR_DEFINITIONS = (
					"DEBUG=1",
					"$(inherited)",
				);
				GCC_WARN_64_TO_32_BIT_CONVERSION = YES;
				GCC_WARN_ABOUT_RETURN_TYPE = YES_ERROR;
				GCC_WARN_UNDECLARED_SELECTOR = YES;
				GCC_WARN_UNINITIALIZED_AUTOS = YES_AGGRESSIVE;
				GCC_WARN_UNUSED_FUNCTION = YES;
				GCC_WARN_UNUSED_VARIABLE = YES;
				IPHONEOS_DEPLOYMENT_TARGET = 15.2;
				MTL_ENABLE_DEBUG_INFO = INCLUDE_SOURCE;
				MTL_FAST_MATH = YES;
				ONLY_ACTIVE_ARCH = YES;
				SDKROOT = iphoneos;
				SWIFT_ACTIVE_COMPILATION_CONDITIONS = DEBUG;
				SWIFT_OPTIMIZATION_LEVEL = "-Onone";
			};
			name = Debug;
		};
		8BF5B3AA27C32512003FBEFF /* Release */ = {
			isa = XCBuildConfiguration;
			buildSettings = {
				ALWAYS_SEARCH_USER_PATHS = NO;
				CLANG_ANALYZER_NONNULL = YES;
				CLANG_ANALYZER_NUMBER_OBJECT_CONVERSION = YES_AGGRESSIVE;
				CLANG_CXX_LANGUAGE_STANDARD = "gnu++17";
				CLANG_CXX_LIBRARY = "libc++";
				CLANG_ENABLE_MODULES = YES;
				CLANG_ENABLE_OBJC_ARC = YES;
				CLANG_ENABLE_OBJC_WEAK = YES;
				CLANG_WARN_BLOCK_CAPTURE_AUTORELEASING = YES;
				CLANG_WARN_BOOL_CONVERSION = YES;
				CLANG_WARN_COMMA = YES;
				CLANG_WARN_CONSTANT_CONVERSION = YES;
				CLANG_WARN_DEPRECATED_OBJC_IMPLEMENTATIONS = YES;
				CLANG_WARN_DIRECT_OBJC_ISA_USAGE = YES_ERROR;
				CLANG_WARN_DOCUMENTATION_COMMENTS = YES;
				CLANG_WARN_EMPTY_BODY = YES;
				CLANG_WARN_ENUM_CONVERSION = YES;
				CLANG_WARN_INFINITE_RECURSION = YES;
				CLANG_WARN_INT_CONVERSION = YES;
				CLANG_WARN_NON_LITERAL_NULL_CONVERSION = YES;
				CLANG_WARN_OBJC_IMPLICIT_RETAIN_SELF = YES;
				CLANG_WARN_OBJC_LITERAL_CONVERSION = YES;
				CLANG_WARN_OBJC_ROOT_CLASS = YES_ERROR;
				CLANG_WARN_QUOTED_INCLUDE_IN_FRAMEWORK_HEADER = YES;
				CLANG_WARN_RANGE_LOOP_ANALYSIS = YES;
				CLANG_WARN_STRICT_PROTOTYPES = YES;
				CLANG_WARN_SUSPICIOUS_MOVE = YES;
				CLANG_WARN_UNGUARDED_AVAILABILITY = YES_AGGRESSIVE;
				CLANG_WARN_UNREACHABLE_CODE = YES;
				CLANG_WARN__DUPLICATE_METHOD_MATCH = YES;
				COPY_PHASE_STRIP = NO;
				DEBUG_INFORMATION_FORMAT = "dwarf-with-dsym";
				ENABLE_NS_ASSERTIONS = NO;
				ENABLE_STRICT_OBJC_MSGSEND = YES;
				GCC_C_LANGUAGE_STANDARD = gnu11;
				GCC_NO_COMMON_BLOCKS = YES;
				GCC_WARN_64_TO_32_BIT_CONVERSION = YES;
				GCC_WARN_ABOUT_RETURN_TYPE = YES_ERROR;
				GCC_WARN_UNDECLARED_SELECTOR = YES;
				GCC_WARN_UNINITIALIZED_AUTOS = YES_AGGRESSIVE;
				GCC_WARN_UNUSED_FUNCTION = YES;
				GCC_WARN_UNUSED_VARIABLE = YES;
				IPHONEOS_DEPLOYMENT_TARGET = 15.2;
				MTL_ENABLE_DEBUG_INFO = NO;
				MTL_FAST_MATH = YES;
				SDKROOT = iphoneos;
				SWIFT_COMPILATION_MODE = wholemodule;
				SWIFT_OPTIMIZATION_LEVEL = "-O";
				VALIDATE_PRODUCT = YES;
			};
			name = Release;
		};
		8BF5B3AC27C32512003FBEFF /* Debug */ = {
			isa = XCBuildConfiguration;
			buildSettings = {
				ASSETCATALOG_COMPILER_APPICON_NAME = AppIcon;
				ASSETCATALOG_COMPILER_GLOBAL_ACCENT_COLOR_NAME = AccentColor;
				CODE_SIGN_STYLE = Automatic;
				CURRENT_PROJECT_VERSION = 1;
				DEVELOPMENT_TEAM = FCHLU6LK6Y;
				GENERATE_INFOPLIST_FILE = YES;
				INFOPLIST_FILE = PM2_Practica2_v2/Info.plist;
				INFOPLIST_KEY_UIApplicationSupportsIndirectInputEvents = YES;
				INFOPLIST_KEY_UILaunchStoryboardName = LaunchScreen;
				INFOPLIST_KEY_UIMainStoryboardFile = Main;
				INFOPLIST_KEY_UISupportedInterfaceOrientations_iPad = "UIInterfaceOrientationPortrait UIInterfaceOrientationPortraitUpsideDown UIInterfaceOrientationLandscapeLeft UIInterfaceOrientationLandscapeRight";
				INFOPLIST_KEY_UISupportedInterfaceOrientations_iPhone = "UIInterfaceOrientationPortrait UIInterfaceOrientationLandscapeLeft UIInterfaceOrientationLandscapeRight";
				LD_RUNPATH_SEARCH_PATHS = (
					"$(inherited)",
					"@executable_path/Frameworks",
				);
				MARKETING_VERSION = 1.0;
				PRODUCT_BUNDLE_IDENTIFIER = "Alexander.PM2-Practica2-v2";
				PRODUCT_NAME = "$(TARGET_NAME)";
				SWIFT_EMIT_LOC_STRINGS = YES;
				SWIFT_VERSION = 5.0;
				TARGETED_DEVICE_FAMILY = "1,2";
			};
			name = Debug;
		};
		8BF5B3AD27C32512003FBEFF /* Release */ = {
			isa = XCBuildConfiguration;
			buildSettings = {
				ASSETCATALOG_COMPILER_APPICON_NAME = AppIcon;
				ASSETCATALOG_COMPILER_GLOBAL_ACCENT_COLOR_NAME = AccentColor;
				CODE_SIGN_STYLE = Automatic;
				CURRENT_PROJECT_VERSION = 1;
				DEVELOPMENT_TEAM = FCHLU6LK6Y;
				GENERATE_INFOPLIST_FILE = YES;
				INFOPLIST_FILE = PM2_Practica2_v2/Info.plist;
				INFOPLIST_KEY_UIApplicationSupportsIndirectInputEvents = YES;
				INFOPLIST_KEY_UILaunchStoryboardName = LaunchScreen;
				INFOPLIST_KEY_UIMainStoryboardFile = Main;
				INFOPLIST_KEY_UISupportedInterfaceOrientations_iPad = "UIInterfaceOrientationPortrait UIInterfaceOrientationPortraitUpsideDown UIInterfaceOrientationLandscapeLeft UIInterfaceOrientationLandscapeRight";
				INFOPLIST_KEY_UISupportedInterfaceOrientations_iPhone = "UIInterfaceOrientationPortrait UIInterfaceOrientationLandscapeLeft UIInterfaceOrientationLandscapeRight";
				LD_RUNPATH_SEARCH_PATHS = (
					"$(inherited)",
					"@executable_path/Frameworks",
				);
				MARKETING_VERSION = 1.0;
				PRODUCT_BUNDLE_IDENTIFIER = "Alexander.PM2-Practica2-v2";
				PRODUCT_NAME = "$(TARGET_NAME)";
				SWIFT_EMIT_LOC_STRINGS = YES;
				SWIFT_VERSION = 5.0;
				TARGETED_DEVICE_FAMILY = "1,2";
			};
			name = Release;
		};
		8BF5B3AF27C32512003FBEFF /* Debug */ = {
			isa = XCBuildConfiguration;
			buildSettings = {
				ALWAYS_EMBED_SWIFT_STANDARD_LIBRARIES = YES;
				BUNDLE_LOADER = "$(TEST_HOST)";
				CODE_SIGN_STYLE = Automatic;
				CURRENT_PROJECT_VERSION = 1;
				DEVELOPMENT_TEAM = FCHLU6LK6Y;
				GENERATE_INFOPLIST_FILE = YES;
				IPHONEOS_DEPLOYMENT_TARGET = 15.2;
				MARKETING_VERSION = 1.0;
				PRODUCT_BUNDLE_IDENTIFIER = "Alexander.PM2-Practica2-v2Tests";
				PRODUCT_NAME = "$(TARGET_NAME)";
				SWIFT_EMIT_LOC_STRINGS = NO;
				SWIFT_VERSION = 5.0;
				TARGETED_DEVICE_FAMILY = "1,2";
				TEST_HOST = "$(BUILT_PRODUCTS_DIR)/PM2_Practica2_v2.app/PM2_Practica2_v2";
			};
			name = Debug;
		};
		8BF5B3B027C32512003FBEFF /* Release */ = {
			isa = XCBuildConfiguration;
			buildSettings = {
				ALWAYS_EMBED_SWIFT_STANDARD_LIBRARIES = YES;
				BUNDLE_LOADER = "$(TEST_HOST)";
				CODE_SIGN_STYLE = Automatic;
				CURRENT_PROJECT_VERSION = 1;
				DEVELOPMENT_TEAM = FCHLU6LK6Y;
				GENERATE_INFOPLIST_FILE = YES;
				IPHONEOS_DEPLOYMENT_TARGET = 15.2;
				MARKETING_VERSION = 1.0;
				PRODUCT_BUNDLE_IDENTIFIER = "Alexander.PM2-Practica2-v2Tests";
				PRODUCT_NAME = "$(TARGET_NAME)";
				SWIFT_EMIT_LOC_STRINGS = NO;
				SWIFT_VERSION = 5.0;
				TARGETED_DEVICE_FAMILY = "1,2";
				TEST_HOST = "$(BUILT_PRODUCTS_DIR)/PM2_Practica2_v2.app/PM2_Practica2_v2";
			};
			name = Release;
		};
		8BF5B3B227C32512003FBEFF /* Debug */ = {
			isa = XCBuildConfiguration;
			buildSettings = {
				ALWAYS_EMBED_SWIFT_STANDARD_LIBRARIES = YES;
				CODE_SIGN_STYLE = Automatic;
				CURRENT_PROJECT_VERSION = 1;
				DEVELOPMENT_TEAM = FCHLU6LK6Y;
				GENERATE_INFOPLIST_FILE = YES;
				MARKETING_VERSION = 1.0;
				PRODUCT_BUNDLE_IDENTIFIER = "Alexander.PM2-Practica2-v2UITests";
				PRODUCT_NAME = "$(TARGET_NAME)";
				SWIFT_EMIT_LOC_STRINGS = NO;
				SWIFT_VERSION = 5.0;
				TARGETED_DEVICE_FAMILY = "1,2";
				TEST_TARGET_NAME = PM2_Practica2_v2;
			};
			name = Debug;
		};
		8BF5B3B327C32512003FBEFF /* Release */ = {
			isa = XCBuildConfiguration;
			buildSettings = {
				ALWAYS_EMBED_SWIFT_STANDARD_LIBRARIES = YES;
				CODE_SIGN_STYLE = Automatic;
				CURRENT_PROJECT_VERSION = 1;
				DEVELOPMENT_TEAM = FCHLU6LK6Y;
				GENERATE_INFOPLIST_FILE = YES;
				MARKETING_VERSION = 1.0;
				PRODUCT_BUNDLE_IDENTIFIER = "Alexander.PM2-Practica2-v2UITests";
				PRODUCT_NAME = "$(TARGET_NAME)";
				SWIFT_EMIT_LOC_STRINGS = NO;
				SWIFT_VERSION = 5.0;
				TARGETED_DEVICE_FAMILY = "1,2";
				TEST_TARGET_NAME = PM2_Practica2_v2;
			};
			name = Release;
		};
/* End XCBuildConfiguration section */

/* Begin XCConfigurationList section */
		8BF5B37C27C32510003FBEFF /* Build configuration list for PBXProject "PM2_Practica2_v2" */ = {
			isa = XCConfigurationList;
			buildConfigurations = (
				8BF5B3A927C32512003FBEFF /* Debug */,
				8BF5B3AA27C32512003FBEFF /* Release */,
			);
			defaultConfigurationIsVisible = 0;
			defaultConfigurationName = Release;
		};
		8BF5B3AB27C32512003FBEFF /* Build configuration list for PBXNativeTarget "PM2_Practica2_v2" */ = {
			isa = XCConfigurationList;
			buildConfigurations = (
				8BF5B3AC27C32512003FBEFF /* Debug */,
				8BF5B3AD27C32512003FBEFF /* Release */,
			);
			defaultConfigurationIsVisible = 0;
			defaultConfigurationName = Release;
		};
		8BF5B3AE27C32512003FBEFF /* Build configuration list for PBXNativeTarget "PM2_Practica2_v2Tests" */ = {
			isa = XCConfigurationList;
			buildConfigurations = (
				8BF5B3AF27C32512003FBEFF /* Debug */,
				8BF5B3B027C32512003FBEFF /* Release */,
			);
			defaultConfigurationIsVisible = 0;
			defaultConfigurationName = Release;
		};
		8BF5B3B127C32512003FBEFF /* Build configuration list for PBXNativeTarget "PM2_Practica2_v2UITests" */ = {
			isa = XCConfigurationList;
			buildConfigurations = (
				8BF5B3B227C32512003FBEFF /* Debug */,
				8BF5B3B327C32512003FBEFF /* Release */,
			);
			defaultConfigurationIsVisible = 0;
			defaultConfigurationName = Release;
		};
/* End XCConfigurationList section */
	};
	rootObject = 8BF5B37927C32510003FBEFF /* Project object */;
}
